
Microsoft Visual Studio Solution File, Format Version 12.00
# Visual Studio Version 16
VisualStudioVersion = 16.0.31410.357
MinimumVisualStudioVersion = 10.0.40219.1
Project("{FAE04EC0-301F-11D3-BF4B-00C04F79EFBC}") = "Calculadora.Training", "Calculadora.Training\Calculadora.Training.csproj", "{950C586A-ADB2-40F5-A8F1-590257A186AF}"
EndProject
Global
	GlobalSection(SolutionConfigurationPlatforms) = preSolution
		Debug|Any CPU = Debug|Any CPU
		Release|Any CPU = Release|Any CPU
	EndGlobalSection
	GlobalSection(ProjectConfigurationPlatforms) = postSolution
		{950C586A-ADB2-40F5-A8F1-590257A186AF}.Debug|Any CPU.ActiveCfg = Debug|Any CPU
		{950C586A-ADB2-40F5-A8F1-590257A186AF}.Debug|Any CPU.Build.0 = Debug|Any CPU
		{950C586A-ADB2-40F5-A8F1-590257A186AF}.Release|Any CPU.ActiveCfg = Release|Any CPU
		{950C586A-ADB2-40F5-A8F1-590257A186AF}.Release|Any CPU.Build.0 = Release|Any CPU
	EndGlobalSection
	GlobalSection(SolutionProperties) = preSolution
		HideSolutionNode = FALSE
	EndGlobalSection
	GlobalSection(ExtensibilityGlobals) = postSolution
		SolutionGuid = {292D6740-E2EC-4A92-BA96-92C443F71774}
	EndGlobalSection
EndGlobal
